
Microsoft Visual Studio Solution File, Format Version 12.00
# Visual Studio 15
VisualStudioVersion = 15.0.28307.1340
MinimumVisualStudioVersion = 10.0.40219.1
Project("{FAE04EC0-301F-11D3-BF4B-00C04F79EFBC}") = "ECSTest", "ECSTest.csproj", "{795D32DA-5745-4E20-9E18-744C709E654F}"
EndProject
Global
	GlobalSection(SolutionConfigurationPlatforms) = preSolution
		Debug|Any CPU = Debug|Any CPU
		Release|Any CPU = Release|Any CPU
	EndGlobalSection
	GlobalSection(ProjectConfigurationPlatforms) = postSolution
		{795D32DA-5745-4E20-9E18-744C709E654F}.Debug|Any CPU.ActiveCfg = Debug|Any CPU
		{795D32DA-5745-4E20-9E18-744C709E654F}.Debug|Any CPU.Build.0 = Debug|Any CPU
		{795D32DA-5745-4E20-9E18-744C709E654F}.Release|Any CPU.ActiveCfg = Release|Any CPU
		{795D32DA-5745-4E20-9E18-744C709E654F}.Release|Any CPU.Build.0 = Release|Any CPU
	EndGlobalSection
	GlobalSection(SolutionProperties) = preSolution
		HideSolutionNode = FALSE
	EndGlobalSection
	GlobalSection(ExtensibilityGlobals) = postSolution
		SolutionGuid = {E1A349C0-17B5-45E7-80BF-156CD88B7456}
	EndGlobalSection
EndGlobal
